
Microsoft Visual Studio Solution File, Format Version 12.00
# Visual Studio 15
VisualStudioVersion = 15.0.27130.0
MinimumVisualStudioVersion = 10.0.40219.1
Project("{9A19103F-16F7-4668-BE54-9A1E7A4F7556}") = "Investor.Web", "Investor.Web\Investor.Web.csproj", "{4EA48446-6C6B-43CD-A243-5C938E53B69E}"
EndProject
Project("{9A19103F-16F7-4668-BE54-9A1E7A4F7556}") = "Investor.Repository", "Investor.Repository\Investor.Repository.csproj", "{1A0D33DA-3CF7-4DF2-BA42-B1A06E1490B8}"
EndProject
Project("{9A19103F-16F7-4668-BE54-9A1E7A4F7556}") = "Investor.Service", "Investor.Service\Investor.Service.csproj", "{1907259E-B31E-4D1B-ADAC-78CBA5453AE5}"
EndProject
Project("{9A19103F-16F7-4668-BE54-9A1E7A4F7556}") = "Investor.Entity", "Investor.Entity\Investor.Entity.csproj", "{0B514900-E042-4AA5-8638-2835F312E303}"
EndProject
Project("{9A19103F-16F7-4668-BE54-9A1E7A4F7556}") = "Investor.Model", "Investor.Model\Investor.Model.csproj", "{A1D8B36E-A80E-489C-BA12-D73F28881A11}"
EndProject
Project("{FAE04EC0-301F-11D3-BF4B-00C04F79EFBC}") = "Investor.Service.Utils", "Investor.Service.Utils\Investor.Service.Utils.csproj", "{28AD7258-2E3C-486E-9926-9FC5F82AF415}"
EndProject
Global
	GlobalSection(SolutionConfigurationPlatforms) = preSolution
		Debug|Any CPU = Debug|Any CPU
		Release|Any CPU = Release|Any CPU
	EndGlobalSection
	GlobalSection(ProjectConfigurationPlatforms) = postSolution
		{4EA48446-6C6B-43CD-A243-5C938E53B69E}.Debug|Any CPU.ActiveCfg = Debug|Any CPU
		{4EA48446-6C6B-43CD-A243-5C938E53B69E}.Debug|Any CPU.Build.0 = Debug|Any CPU
		{4EA48446-6C6B-43CD-A243-5C938E53B69E}.Release|Any CPU.ActiveCfg = Release|Any CPU
		{4EA48446-6C6B-43CD-A243-5C938E53B69E}.Release|Any CPU.Build.0 = Release|Any CPU
		{1A0D33DA-3CF7-4DF2-BA42-B1A06E1490B8}.Debug|Any CPU.ActiveCfg = Debug|Any CPU
		{1A0D33DA-3CF7-4DF2-BA42-B1A06E1490B8}.Debug|Any CPU.Build.0 = Debug|Any CPU
		{1A0D33DA-3CF7-4DF2-BA42-B1A06E1490B8}.Release|Any CPU.ActiveCfg = Release|Any CPU
		{1A0D33DA-3CF7-4DF2-BA42-B1A06E1490B8}.Release|Any CPU.Build.0 = Release|Any CPU
		{1907259E-B31E-4D1B-ADAC-78CBA5453AE5}.Debug|Any CPU.ActiveCfg = Debug|Any CPU
		{1907259E-B31E-4D1B-ADAC-78CBA5453AE5}.Debug|Any CPU.Build.0 = Debug|Any CPU
		{1907259E-B31E-4D1B-ADAC-78CBA5453AE5}.Release|Any CPU.ActiveCfg = Release|Any CPU
		{1907259E-B31E-4D1B-ADAC-78CBA5453AE5}.Release|Any CPU.Build.0 = Release|Any CPU
		{0B514900-E042-4AA5-8638-2835F312E303}.Debug|Any CPU.ActiveCfg = Debug|Any CPU
		{0B514900-E042-4AA5-8638-2835F312E303}.Debug|Any CPU.Build.0 = Debug|Any CPU
		{0B514900-E042-4AA5-8638-2835F312E303}.Release|Any CPU.ActiveCfg = Release|Any CPU
		{0B514900-E042-4AA5-8638-2835F312E303}.Release|Any CPU.Build.0 = Release|Any CPU
		{A1D8B36E-A80E-489C-BA12-D73F28881A11}.Debug|Any CPU.ActiveCfg = Debug|Any CPU
		{A1D8B36E-A80E-489C-BA12-D73F28881A11}.Debug|Any CPU.Build.0 = Debug|Any CPU
		{A1D8B36E-A80E-489C-BA12-D73F28881A11}.Release|Any CPU.ActiveCfg = Release|Any CPU
		{A1D8B36E-A80E-489C-BA12-D73F28881A11}.Release|Any CPU.Build.0 = Release|Any CPU
		{28AD7258-2E3C-486E-9926-9FC5F82AF415}.Debug|Any CPU.ActiveCfg = Debug|Any CPU
		{28AD7258-2E3C-486E-9926-9FC5F82AF415}.Debug|Any CPU.Build.0 = Debug|Any CPU
		{28AD7258-2E3C-486E-9926-9FC5F82AF415}.Release|Any CPU.ActiveCfg = Release|Any CPU
		{28AD7258-2E3C-486E-9926-9FC5F82AF415}.Release|Any CPU.Build.0 = Release|Any CPU
	EndGlobalSection
	GlobalSection(SolutionProperties) = preSolution
		HideSolutionNode = FALSE
	EndGlobalSection
	GlobalSection(ExtensibilityGlobals) = postSolution
		SolutionGuid = {ABD1BD43-0112-4BE0-AAA7-47C25F437A2B}
	EndGlobalSection
EndGlobal
